
Microsoft Visual Studio Solution File, Format Version 12.00
# Visual Studio Version 17
VisualStudioVersion = 17.5.33530.505
MinimumVisualStudioVersion = 10.0.40219.1
Project("{FAE04EC0-301F-11D3-BF4B-00C04F79EFBC}") = "BlazorApp14", "BlazorApp14\BlazorApp14.csproj", "{7C3A58A8-794A-4370-AAB7-68C810A946EF}"
EndProject
Global
	GlobalSection(SolutionConfigurationPlatforms) = preSolution
		Debug|Any CPU = Debug|Any CPU
		Release|Any CPU = Release|Any CPU
	EndGlobalSection
	GlobalSection(ProjectConfigurationPlatforms) = postSolution
		{7C3A58A8-794A-4370-AAB7-68C810A946EF}.Debug|Any CPU.ActiveCfg = Debug|Any CPU
		{7C3A58A8-794A-4370-AAB7-68C810A946EF}.Debug|Any CPU.Build.0 = Debug|Any CPU
		{7C3A58A8-794A-4370-AAB7-68C810A946EF}.Release|Any CPU.ActiveCfg = Release|Any CPU
		{7C3A58A8-794A-4370-AAB7-68C810A946EF}.Release|Any CPU.Build.0 = Release|Any CPU
	EndGlobalSection
	GlobalSection(SolutionProperties) = preSolution
		HideSolutionNode = FALSE
	EndGlobalSection
	GlobalSection(ExtensibilityGlobals) = postSolution
		SolutionGuid = {D9CFB90B-988F-4B70-ACE7-ECDDB421A5F0}
	EndGlobalSection
EndGlobal
